
Microsoft Visual Studio Solution File, Format Version 12.00
# Visual Studio Version 17
VisualStudioVersion = 17.4.33122.133
MinimumVisualStudioVersion = 10.0.40219.1
Project("{9A19103F-16F7-4668-BE54-9A1E7A4F7556}") = "exercism editor", "exercism editor\exercism editor.csproj", "{C6FAC5D6-715C-4E42-BEAF-9C7E50DD2C1E}"
EndProject
Project("{2150E333-8FDC-42A3-9474-1A3956D46DE8}") = "csharp", "csharp", "{BFEF1A0D-F454-402A-AF95-F40BE3DAFA74}"
EndProject
Project("{9A19103F-16F7-4668-BE54-9A1E7A4F7556}") = "Difference Of Squares", "Difference Of Squares\Difference Of Squares.csproj", "{B0413747-00F9-4909-85B0-92951AB66DDF}"
EndProject
Project("{9A19103F-16F7-4668-BE54-9A1E7A4F7556}") = "Log Levels", "Log Levels\Log Levels.csproj", "{977DE0E9-E9DD-4EA2-8644-AFE2B97EEF15}"
EndProject
Project("{9A19103F-16F7-4668-BE54-9A1E7A4F7556}") = "Phone Number Analysis", "Phone Number Analysis\Phone Number Analysis.csproj", "{13B2E614-42EA-4453-87E1-D2997D79CCB7}"
EndProject
Project("{9A19103F-16F7-4668-BE54-9A1E7A4F7556}") = "Elon's Toys", "Elon's Toys\Elon's Toys.csproj", "{63C8B748-CFA2-41DE-80AF-BE2194172C24}"
EndProject
Project("{9A19103F-16F7-4668-BE54-9A1E7A4F7556}") = "Scrabble Score", "Scrabble Score\Scrabble Score.csproj", "{D5135CCC-F8CB-44E2-97C2-1BE12A00F1D8}"
EndProject
Project("{9A19103F-16F7-4668-BE54-9A1E7A4F7556}") = "Triangle", "Triangle\Triangle.csproj", "{2B54FC73-4E7D-4DF0-BF55-4F2369B0E367}"
EndProject
Project("{9A19103F-16F7-4668-BE54-9A1E7A4F7556}") = "Bird Watcher", "Bird Watcher\Bird Watcher.csproj", "{90E73CE1-6A28-41C3-9903-B89EC31A430D}"
EndProject
Project("{9A19103F-16F7-4668-BE54-9A1E7A4F7556}") = "Sum of Multiples", "Sum of Multiples\Sum of Multiples.csproj", "{0014D5E4-9744-4267-9E9E-A09F6B9CEC8A}"
EndProject
Project("{9A19103F-16F7-4668-BE54-9A1E7A4F7556}") = "Hyper-optimized Telemetry", "Hyper-optimized Telemetry\Hyper-optimized Telemetry.csproj", "{9678BC84-8BC0-4C18-940B-D3FB002412C5}"
EndProject
Project("{9A19103F-16F7-4668-BE54-9A1E7A4F7556}") = "Need for Speed", "Need for Speed\Need for Speed.csproj", "{066D932F-8129-4995-8D28-16C47C656329}"
EndProject
Project("{9A19103F-16F7-4668-BE54-9A1E7A4F7556}") = "Squeaky Clean", "Squeaky Clean\Squeaky Clean.csproj", "{675FFD9F-5171-44E4-BF8E-4699E76B8F3A}"
EndProject
Project("{9A19103F-16F7-4668-BE54-9A1E7A4F7556}") = "Resistor Color", "Resistor Color\Resistor Color.csproj", "{9E1A64CD-A0BA-4222-B229-D1A7D9065BBD}"
EndProject
Project("{9A19103F-16F7-4668-BE54-9A1E7A4F7556}") = "Wizards and Warriors", "Wizards and Warriors\Wizards and Warriors.csproj", "{37A315C4-3762-4F1E-A0EE-8CB19E0C93AF}"
EndProject
Project("{FAE04EC0-301F-11D3-BF4B-00C04F79EFBC}") = "Scale Generator", "Scale Generator\Scale Generator.csproj", "{954DAB10-4E38-4EE7-98A9-27695B109431}"
EndProject
Project("{FAE04EC0-301F-11D3-BF4B-00C04F79EFBC}") = "ProteinTranslation", "ProteinTranslation\ProteinTranslation.csproj", "{016756C9-40E1-495F-ADB8-5DDB4AB5FB4F}"
EndProject
Project("{FAE04EC0-301F-11D3-BF4B-00C04F79EFBC}") = "Proverb", "Proverb\Proverb.csproj", "{1E329DEE-5F4F-4392-A608-88412724BB16}"
EndProject
Project("{FAE04EC0-301F-11D3-BF4B-00C04F79EFBC}") = "Beer Song", "Beer Song\Beer Song.csproj", "{54BF8E9C-4CB8-45C3-9DEC-8B9CFC3FBD0D}"
EndProject
Project("{FAE04EC0-301F-11D3-BF4B-00C04F79EFBC}") = "Bob", "Bob\Bob.csproj", "{8B71A6A5-6F21-421B-81ED-DFA328DF774B}"
EndProject
Project("{FAE04EC0-301F-11D3-BF4B-00C04F79EFBC}") = "Log Analysis", "Log Analysis\Log Analysis.csproj", "{13D5C582-251B-4F66-B100-C03AAA331CC6}"
EndProject
Global
	GlobalSection(SolutionConfigurationPlatforms) = preSolution
		Debug|Any CPU = Debug|Any CPU
		Release|Any CPU = Release|Any CPU
	EndGlobalSection
	GlobalSection(ProjectConfigurationPlatforms) = postSolution
		{C6FAC5D6-715C-4E42-BEAF-9C7E50DD2C1E}.Debug|Any CPU.ActiveCfg = Debug|Any CPU
		{C6FAC5D6-715C-4E42-BEAF-9C7E50DD2C1E}.Debug|Any CPU.Build.0 = Debug|Any CPU
		{C6FAC5D6-715C-4E42-BEAF-9C7E50DD2C1E}.Release|Any CPU.ActiveCfg = Release|Any CPU
		{C6FAC5D6-715C-4E42-BEAF-9C7E50DD2C1E}.Release|Any CPU.Build.0 = Release|Any CPU
		{B0413747-00F9-4909-85B0-92951AB66DDF}.Debug|Any CPU.ActiveCfg = Debug|Any CPU
		{B0413747-00F9-4909-85B0-92951AB66DDF}.Debug|Any CPU.Build.0 = Debug|Any CPU
		{B0413747-00F9-4909-85B0-92951AB66DDF}.Release|Any CPU.ActiveCfg = Release|Any CPU
		{B0413747-00F9-4909-85B0-92951AB66DDF}.Release|Any CPU.Build.0 = Release|Any CPU
		{977DE0E9-E9DD-4EA2-8644-AFE2B97EEF15}.Debug|Any CPU.ActiveCfg = Debug|Any CPU
		{977DE0E9-E9DD-4EA2-8644-AFE2B97EEF15}.Debug|Any CPU.Build.0 = Debug|Any CPU
		{977DE0E9-E9DD-4EA2-8644-AFE2B97EEF15}.Release|Any CPU.ActiveCfg = Release|Any CPU
		{977DE0E9-E9DD-4EA2-8644-AFE2B97EEF15}.Release|Any CPU.Build.0 = Release|Any CPU
		{13B2E614-42EA-4453-87E1-D2997D79CCB7}.Debug|Any CPU.ActiveCfg = Debug|Any CPU
		{13B2E614-42EA-4453-87E1-D2997D79CCB7}.Debug|Any CPU.Build.0 = Debug|Any CPU
		{13B2E614-42EA-4453-87E1-D2997D79CCB7}.Release|Any CPU.ActiveCfg = Release|Any CPU
		{13B2E614-42EA-4453-87E1-D2997D79CCB7}.Release|Any CPU.Build.0 = Release|Any CPU
		{63C8B748-CFA2-41DE-80AF-BE2194172C24}.Debug|Any CPU.ActiveCfg = Debug|Any CPU
		{63C8B748-CFA2-41DE-80AF-BE2194172C24}.Debug|Any CPU.Build.0 = Debug|Any CPU
		{63C8B748-CFA2-41DE-80AF-BE2194172C24}.Release|Any CPU.ActiveCfg = Release|Any CPU
		{63C8B748-CFA2-41DE-80AF-BE2194172C24}.Release|Any CPU.Build.0 = Release|Any CPU
		{D5135CCC-F8CB-44E2-97C2-1BE12A00F1D8}.Debug|Any CPU.ActiveCfg = Debug|Any CPU
		{D5135CCC-F8CB-44E2-97C2-1BE12A00F1D8}.Debug|Any CPU.Build.0 = Debug|Any CPU
		{D5135CCC-F8CB-44E2-97C2-1BE12A00F1D8}.Release|Any CPU.ActiveCfg = Release|Any CPU
		{D5135CCC-F8CB-44E2-97C2-1BE12A00F1D8}.Release|Any CPU.Build.0 = Release|Any CPU
		{2B54FC73-4E7D-4DF0-BF55-4F2369B0E367}.Debug|Any CPU.ActiveCfg = Debug|Any CPU
		{2B54FC73-4E7D-4DF0-BF55-4F2369B0E367}.Debug|Any CPU.Build.0 = Debug|Any CPU
		{2B54FC73-4E7D-4DF0-BF55-4F2369B0E367}.Release|Any CPU.ActiveCfg = Release|Any CPU
		{2B54FC73-4E7D-4DF0-BF55-4F2369B0E367}.Release|Any CPU.Build.0 = Release|Any CPU
		{90E73CE1-6A28-41C3-9903-B89EC31A430D}.Debug|Any CPU.ActiveCfg = Debug|Any CPU
		{90E73CE1-6A28-41C3-9903-B89EC31A430D}.Debug|Any CPU.Build.0 = Debug|Any CPU
		{90E73CE1-6A28-41C3-9903-B89EC31A430D}.Release|Any CPU.ActiveCfg = Release|Any CPU
		{90E73CE1-6A28-41C3-9903-B89EC31A430D}.Release|Any CPU.Build.0 = Release|Any CPU
		{0014D5E4-9744-4267-9E9E-A09F6B9CEC8A}.Debug|Any CPU.ActiveCfg = Debug|Any CPU
		{0014D5E4-9744-4267-9E9E-A09F6B9CEC8A}.Debug|Any CPU.Build.0 = Debug|Any CPU
		{0014D5E4-9744-4267-9E9E-A09F6B9CEC8A}.Release|Any CPU.ActiveCfg = Release|Any CPU
		{0014D5E4-9744-4267-9E9E-A09F6B9CEC8A}.Release|Any CPU.Build.0 = Release|Any CPU
		{9678BC84-8BC0-4C18-940B-D3FB002412C5}.Debug|Any CPU.ActiveCfg = Debug|Any CPU
		{9678BC84-8BC0-4C18-940B-D3FB002412C5}.Debug|Any CPU.Build.0 = Debug|Any CPU
		{9678BC84-8BC0-4C18-940B-D3FB002412C5}.Release|Any CPU.ActiveCfg = Release|Any CPU
		{9678BC84-8BC0-4C18-940B-D3FB002412C5}.Release|Any CPU.Build.0 = Release|Any CPU
		{066D932F-8129-4995-8D28-16C47C656329}.Debug|Any CPU.ActiveCfg = Debug|Any CPU
		{066D932F-8129-4995-8D28-16C47C656329}.Debug|Any CPU.Build.0 = Debug|Any CPU
		{066D932F-8129-4995-8D28-16C47C656329}.Release|Any CPU.ActiveCfg = Release|Any CPU
		{066D932F-8129-4995-8D28-16C47C656329}.Release|Any CPU.Build.0 = Release|Any CPU
		{675FFD9F-5171-44E4-BF8E-4699E76B8F3A}.Debug|Any CPU.ActiveCfg = Debug|Any CPU
		{675FFD9F-5171-44E4-BF8E-4699E76B8F3A}.Debug|Any CPU.Build.0 = Debug|Any CPU
		{675FFD9F-5171-44E4-BF8E-4699E76B8F3A}.Release|Any CPU.ActiveCfg = Release|Any CPU
		{675FFD9F-5171-44E4-BF8E-4699E76B8F3A}.Release|Any CPU.Build.0 = Release|Any CPU
		{9E1A64CD-A0BA-4222-B229-D1A7D9065BBD}.Debug|Any CPU.ActiveCfg = Debug|Any CPU
		{9E1A64CD-A0BA-4222-B229-D1A7D9065BBD}.Debug|Any CPU.Build.0 = Debug|Any CPU
		{9E1A64CD-A0BA-4222-B229-D1A7D9065BBD}.Release|Any CPU.ActiveCfg = Release|Any CPU
		{9E1A64CD-A0BA-4222-B229-D1A7D9065BBD}.Release|Any CPU.Build.0 = Release|Any CPU
		{37A315C4-3762-4F1E-A0EE-8CB19E0C93AF}.Debug|Any CPU.ActiveCfg = Debug|Any CPU
		{37A315C4-3762-4F1E-A0EE-8CB19E0C93AF}.Debug|Any CPU.Build.0 = Debug|Any CPU
		{37A315C4-3762-4F1E-A0EE-8CB19E0C93AF}.Release|Any CPU.ActiveCfg = Release|Any CPU
		{37A315C4-3762-4F1E-A0EE-8CB19E0C93AF}.Release|Any CPU.Build.0 = Release|Any CPU
		{954DAB10-4E38-4EE7-98A9-27695B109431}.Debug|Any CPU.ActiveCfg = Debug|Any CPU
		{954DAB10-4E38-4EE7-98A9-27695B109431}.Debug|Any CPU.Build.0 = Debug|Any CPU
		{954DAB10-4E38-4EE7-98A9-27695B109431}.Release|Any CPU.ActiveCfg = Release|Any CPU
		{954DAB10-4E38-4EE7-98A9-27695B109431}.Release|Any CPU.Build.0 = Release|Any CPU
		{016756C9-40E1-495F-ADB8-5DDB4AB5FB4F}.Debug|Any CPU.ActiveCfg = Debug|Any CPU
		{016756C9-40E1-495F-ADB8-5DDB4AB5FB4F}.Debug|Any CPU.Build.0 = Debug|Any CPU
		{016756C9-40E1-495F-ADB8-5DDB4AB5FB4F}.Release|Any CPU.ActiveCfg = Release|Any CPU
		{016756C9-40E1-495F-ADB8-5DDB4AB5FB4F}.Release|Any CPU.Build.0 = Release|Any CPU
		{1E329DEE-5F4F-4392-A608-88412724BB16}.Debug|Any CPU.ActiveCfg = Debug|Any CPU
		{1E329DEE-5F4F-4392-A608-88412724BB16}.Debug|Any CPU.Build.0 = Debug|Any CPU
		{1E329DEE-5F4F-4392-A608-88412724BB16}.Release|Any CPU.ActiveCfg = Release|Any CPU
		{1E329DEE-5F4F-4392-A608-88412724BB16}.Release|Any CPU.Build.0 = Release|Any CPU
		{54BF8E9C-4CB8-45C3-9DEC-8B9CFC3FBD0D}.Debug|Any CPU.ActiveCfg = Debug|Any CPU
		{54BF8E9C-4CB8-45C3-9DEC-8B9CFC3FBD0D}.Debug|Any CPU.Build.0 = Debug|Any CPU
		{54BF8E9C-4CB8-45C3-9DEC-8B9CFC3FBD0D}.Release|Any CPU.ActiveCfg = Release|Any CPU
		{54BF8E9C-4CB8-45C3-9DEC-8B9CFC3FBD0D}.Release|Any CPU.Build.0 = Release|Any CPU
		{8B71A6A5-6F21-421B-81ED-DFA328DF774B}.Debug|Any CPU.ActiveCfg = Debug|Any CPU
		{8B71A6A5-6F21-421B-81ED-DFA328DF774B}.Debug|Any CPU.Build.0 = Debug|Any CPU
		{8B71A6A5-6F21-421B-81ED-DFA328DF774B}.Release|Any CPU.ActiveCfg = Release|Any CPU
		{8B71A6A5-6F21-421B-81ED-DFA328DF774B}.Release|Any CPU.Build.0 = Release|Any CPU
		{13D5C582-251B-4F66-B100-C03AAA331CC6}.Debug|Any CPU.ActiveCfg = Debug|Any CPU
		{13D5C582-251B-4F66-B100-C03AAA331CC6}.Debug|Any CPU.Build.0 = Debug|Any CPU
		{13D5C582-251B-4F66-B100-C03AAA331CC6}.Release|Any CPU.ActiveCfg = Release|Any CPU
		{13D5C582-251B-4F66-B100-C03AAA331CC6}.Release|Any CPU.Build.0 = Release|Any CPU
	EndGlobalSection
	GlobalSection(SolutionProperties) = preSolution
		HideSolutionNode = FALSE
	EndGlobalSection
	GlobalSection(NestedProjects) = preSolution
		{B0413747-00F9-4909-85B0-92951AB66DDF} = {BFEF1A0D-F454-402A-AF95-F40BE3DAFA74}
		{977DE0E9-E9DD-4EA2-8644-AFE2B97EEF15} = {BFEF1A0D-F454-402A-AF95-F40BE3DAFA74}
		{13B2E614-42EA-4453-87E1-D2997D79CCB7} = {BFEF1A0D-F454-402A-AF95-F40BE3DAFA74}
		{63C8B748-CFA2-41DE-80AF-BE2194172C24} = {BFEF1A0D-F454-402A-AF95-F40BE3DAFA74}
		{D5135CCC-F8CB-44E2-97C2-1BE12A00F1D8} = {BFEF1A0D-F454-402A-AF95-F40BE3DAFA74}
		{2B54FC73-4E7D-4DF0-BF55-4F2369B0E367} = {BFEF1A0D-F454-402A-AF95-F40BE3DAFA74}
		{90E73CE1-6A28-41C3-9903-B89EC31A430D} = {BFEF1A0D-F454-402A-AF95-F40BE3DAFA74}
		{0014D5E4-9744-4267-9E9E-A09F6B9CEC8A} = {BFEF1A0D-F454-402A-AF95-F40BE3DAFA74}
		{9678BC84-8BC0-4C18-940B-D3FB002412C5} = {BFEF1A0D-F454-402A-AF95-F40BE3DAFA74}
		{066D932F-8129-4995-8D28-16C47C656329} = {BFEF1A0D-F454-402A-AF95-F40BE3DAFA74}
		{675FFD9F-5171-44E4-BF8E-4699E76B8F3A} = {BFEF1A0D-F454-402A-AF95-F40BE3DAFA74}
		{9E1A64CD-A0BA-4222-B229-D1A7D9065BBD} = {BFEF1A0D-F454-402A-AF95-F40BE3DAFA74}
		{37A315C4-3762-4F1E-A0EE-8CB19E0C93AF} = {BFEF1A0D-F454-402A-AF95-F40BE3DAFA74}
		{954DAB10-4E38-4EE7-98A9-27695B109431} = {BFEF1A0D-F454-402A-AF95-F40BE3DAFA74}
		{016756C9-40E1-495F-ADB8-5DDB4AB5FB4F} = {BFEF1A0D-F454-402A-AF95-F40BE3DAFA74}
		{1E329DEE-5F4F-4392-A608-88412724BB16} = {BFEF1A0D-F454-402A-AF95-F40BE3DAFA74}
		{54BF8E9C-4CB8-45C3-9DEC-8B9CFC3FBD0D} = {BFEF1A0D-F454-402A-AF95-F40BE3DAFA74}
		{8B71A6A5-6F21-421B-81ED-DFA328DF774B} = {BFEF1A0D-F454-402A-AF95-F40BE3DAFA74}
		{13D5C582-251B-4F66-B100-C03AAA331CC6} = {BFEF1A0D-F454-402A-AF95-F40BE3DAFA74}
	EndGlobalSection
	GlobalSection(ExtensibilityGlobals) = postSolution
		SolutionGuid = {D65D2462-7959-41D0-8E87-CEA458FADFB7}
	EndGlobalSection
EndGlobal
